// !$*UTF8*$!
{
	archiveVersion = 1;
	classes = {
	};
	objectVersion = 56;
	objects = {

/* Begin PBXBuildFile section */
		C02ADD3C2C7DC36600588E36 /* RecipeViewModelDelegate.swift in Sources */ = {isa = PBXBuildFile; fileRef = C02ADD3B2C7DC36600588E36 /* RecipeViewModelDelegate.swift */; };
		C02ADD3E2C7DC73700588E36 /* RecipeService.swift in Sources */ = {isa = PBXBuildFile; fileRef = C02ADD3D2C7DC73700588E36 /* RecipeService.swift */; };
		C02ADD442C7E2AEA00588E36 /* RecipeCell.swift in Sources */ = {isa = PBXBuildFile; fileRef = C02ADD432C7E2AEA00588E36 /* RecipeCell.swift */; };
		C02ADD4A2C7E33C200588E36 /* Kingfisher in Frameworks */ = {isa = PBXBuildFile; productRef = C02ADD492C7E33C200588E36 /* Kingfisher */; };
		C06A91C42C7CCD1D002971E9 /* AppDelegate.swift in Sources */ = {isa = PBXBuildFile; fileRef = C06A91C32C7CCD1D002971E9 /* AppDelegate.swift */; };
		C06A91C62C7CCD1D002971E9 /* SceneDelegate.swift in Sources */ = {isa = PBXBuildFile; fileRef = C06A91C52C7CCD1D002971E9 /* SceneDelegate.swift */; };
		C06A91C82C7CCD1D002971E9 /* HomeViewController.swift in Sources */ = {isa = PBXBuildFile; fileRef = C06A91C72C7CCD1D002971E9 /* HomeViewController.swift */; };
		C06A91CD2C7CCD1F002971E9 /* Assets.xcassets in Resources */ = {isa = PBXBuildFile; fileRef = C06A91CC2C7CCD1F002971E9 /* Assets.xcassets */; };
		C06A91D02C7CCD1F002971E9 /* Base in Resources */ = {isa = PBXBuildFile; fileRef = C06A91CF2C7CCD1F002971E9 /* Base */; };
		C06A91D82C7CD2B4002971E9 /* Recipe.swift in Sources */ = {isa = PBXBuildFile; fileRef = C06A91D72C7CD2B4002971E9 /* Recipe.swift */; };
		C06A91DB2C7CD398002971E9 /* APIConstants.swift in Sources */ = {isa = PBXBuildFile; fileRef = C06A91DA2C7CD398002971E9 /* APIConstants.swift */; };
		C06A91DE2C7CD432002971E9 /* APIManager.swift in Sources */ = {isa = PBXBuildFile; fileRef = C06A91DD2C7CD432002971E9 /* APIManager.swift */; };
		C06A91E12C7CD571002971E9 /* RecipeError.swift in Sources */ = {isa = PBXBuildFile; fileRef = C06A91E02C7CD571002971E9 /* RecipeError.swift */; };
		C06A91E32C7CD685002971E9 /* RecipeViewModel.swift in Sources */ = {isa = PBXBuildFile; fileRef = C06A91E22C7CD685002971E9 /* RecipeViewModel.swift */; };
/* End PBXBuildFile section */

/* Begin PBXFileReference section */
		C02ADD3B2C7DC36600588E36 /* RecipeViewModelDelegate.swift */ = {isa = PBXFileReference; lastKnownFileType = sourcecode.swift; name = RecipeViewModelDelegate.swift; path = "../../../../../Library/Mobile Documents/com~apple~CloudDocs/RecipeViewModelDelegate.swift"; sourceTree = "<group>"; };
		C02ADD3D2C7DC73700588E36 /* RecipeService.swift */ = {isa = PBXFileReference; lastKnownFileType = sourcecode.swift; path = RecipeService.swift; sourceTree = "<group>"; };
		C02ADD432C7E2AEA00588E36 /* RecipeCell.swift */ = {isa = PBXFileReference; lastKnownFileType = sourcecode.swift; path = RecipeCell.swift; sourceTree = "<group>"; };
		C06A91C02C7CCD1D002971E9 /* Recipes.app */ = {isa = PBXFileReference; explicitFileType = wrapper.application; includeInIndex = 0; path = Recipes.app; sourceTree = BUILT_PRODUCTS_DIR; };
		C06A91C32C7CCD1D002971E9 /* AppDelegate.swift */ = {isa = PBXFileReference; lastKnownFileType = sourcecode.swift; path = AppDelegate.swift; sourceTree = "<group>"; };
		C06A91C52C7CCD1D002971E9 /* SceneDelegate.swift */ = {isa = PBXFileReference; lastKnownFileType = sourcecode.swift; path = SceneDelegate.swift; sourceTree = "<group>"; };
		C06A91C72C7CCD1D002971E9 /* HomeViewController.swift */ = {isa = PBXFileReference; lastKnownFileType = sourcecode.swift; path = HomeViewController.swift; sourceTree = "<group>"; };
		C06A91CC2C7CCD1F002971E9 /* Assets.xcassets */ = {isa = PBXFileReference; lastKnownFileType = folder.assetcatalog; path = Assets.xcassets; sourceTree = "<group>"; };
		C06A91CF2C7CCD1F002971E9 /* Base */ = {isa = PBXFileReference; lastKnownFileType = file.storyboard; name = Base; path = Base.lproj/LaunchScreen.storyboard; sourceTree = "<group>"; };
		C06A91D12C7CCD1F002971E9 /* Info.plist */ = {isa = PBXFileReference; lastKnownFileType = text.plist.xml; path = Info.plist; sourceTree = "<group>"; };
		C06A91D72C7CD2B4002971E9 /* Recipe.swift */ = {isa = PBXFileReference; lastKnownFileType = sourcecode.swift; path = Recipe.swift; sourceTree = "<group>"; };
		C06A91DA2C7CD398002971E9 /* APIConstants.swift */ = {isa = PBXFileReference; lastKnownFileType = sourcecode.swift; path = APIConstants.swift; sourceTree = "<group>"; };
		C06A91DD2C7CD432002971E9 /* APIManager.swift */ = {isa = PBXFileReference; lastKnownFileType = sourcecode.swift; path = APIManager.swift; sourceTree = "<group>"; };
		C06A91E02C7CD571002971E9 /* RecipeError.swift */ = {isa = PBXFileReference; lastKnownFileType = sourcecode.swift; path = RecipeError.swift; sourceTree = "<group>"; };
		C06A91E22C7CD685002971E9 /* RecipeViewModel.swift */ = {isa = PBXFileReference; lastKnownFileType = sourcecode.swift; path = RecipeViewModel.swift; sourceTree = "<group>"; };
/* End PBXFileReference section */

/* Begin PBXFrameworksBuildPhase section */
		C06A91BD2C7CCD1D002971E9 /* Frameworks */ = {
			isa = PBXFrameworksBuildPhase;
			buildActionMask = 2147483647;
			files = (
				C02ADD4A2C7E33C200588E36 /* Kingfisher in Frameworks */,
			);
			runOnlyForDeploymentPostprocessing = 0;
		};
/* End PBXFrameworksBuildPhase section */

/* Begin PBXGroup section */
		C02ADD3A2C7DBF5700588E36 /* ViewModel */ = {
			isa = PBXGroup;
			children = (
				C06A91E22C7CD685002971E9 /* RecipeViewModel.swift */,
				C02ADD3B2C7DC36600588E36 /* RecipeViewModelDelegate.swift */,
			);
			path = ViewModel;
			sourceTree = "<group>";
		};
		C02ADD3F2C7DC96200588E36 /* Model */ = {
			isa = PBXGroup;
			children = (
				C06A91D72C7CD2B4002971E9 /* Recipe.swift */,
			);
			path = Model;
			sourceTree = "<group>";
		};
		C02ADD402C7DCF0100588E36 /* Views */ = {
			isa = PBXGroup;
			children = (
				C06A91C72C7CCD1D002971E9 /* HomeViewController.swift */,
			);
			path = Views;
			sourceTree = "<group>";
		};
		C02ADD412C7DCF9300588E36 /* Delegates */ = {
			isa = PBXGroup;
			children = (
				C06A91C32C7CCD1D002971E9 /* AppDelegate.swift */,
				C06A91C52C7CCD1D002971E9 /* SceneDelegate.swift */,
			);
			path = Delegates;
			sourceTree = "<group>";
		};
		C02ADD422C7E2ACD00588E36 /* Cell */ = {
			isa = PBXGroup;
			children = (
				C02ADD432C7E2AEA00588E36 /* RecipeCell.swift */,
			);
			path = Cell;
			sourceTree = "<group>";
		};
		C06A91B72C7CCD1D002971E9 = {
			isa = PBXGroup;
			children = (
				C06A91C22C7CCD1D002971E9 /* Recipes */,
				C06A91C12C7CCD1D002971E9 /* Products */,
			);
			sourceTree = "<group>";
		};
		C06A91C12C7CCD1D002971E9 /* Products */ = {
			isa = PBXGroup;
			children = (
				C06A91C02C7CCD1D002971E9 /* Recipes.app */,
			);
			name = Products;
			sourceTree = "<group>";
		};
		C06A91C22C7CCD1D002971E9 /* Recipes */ = {
			isa = PBXGroup;
			children = (
				C02ADD422C7E2ACD00588E36 /* Cell */,
				C02ADD412C7DCF9300588E36 /* Delegates */,
				C02ADD402C7DCF0100588E36 /* Views */,
				C02ADD3F2C7DC96200588E36 /* Model */,
				C02ADD3A2C7DBF5700588E36 /* ViewModel */,
				C06A91DF2C7CD565002971E9 /* Utilities */,
				C06A91DC2C7CD427002971E9 /* Service */,
				C06A91D92C7CD38E002971E9 /* Constants */,
				C06A91CC2C7CCD1F002971E9 /* Assets.xcassets */,
				C06A91CE2C7CCD1F002971E9 /* LaunchScreen.storyboard */,
				C06A91D12C7CCD1F002971E9 /* Info.plist */,
			);
			path = Recipes;
			sourceTree = "<group>";
		};
		C06A91D92C7CD38E002971E9 /* Constants */ = {
			isa = PBXGroup;
			children = (
				C06A91DA2C7CD398002971E9 /* APIConstants.swift */,
			);
			path = Constants;
			sourceTree = "<group>";
		};
		C06A91DC2C7CD427002971E9 /* Service */ = {
			isa = PBXGroup;
			children = (
				C06A91DD2C7CD432002971E9 /* APIManager.swift */,
				C02ADD3D2C7DC73700588E36 /* RecipeService.swift */,
			);
			path = Service;
			sourceTree = "<group>";
		};
		C06A91DF2C7CD565002971E9 /* Utilities */ = {
			isa = PBXGroup;
			children = (
				C06A91E02C7CD571002971E9 /* RecipeError.swift */,
			);
			path = Utilities;
			sourceTree = "<group>";
		};
/* End PBXGroup section */

/* Begin PBXNativeTarget section */
		C06A91BF2C7CCD1D002971E9 /* Recipes */ = {
			isa = PBXNativeTarget;
			buildConfigurationList = C06A91D42C7CCD1F002971E9 /* Build configuration list for PBXNativeTarget "Recipes" */;
			buildPhases = (
				C06A91BC2C7CCD1D002971E9 /* Sources */,
				C06A91BD2C7CCD1D002971E9 /* Frameworks */,
				C06A91BE2C7CCD1D002971E9 /* Resources */,
			);
			buildRules = (
			);
			dependencies = (
			);
			name = Recipes;
			packageProductDependencies = (
				C02ADD492C7E33C200588E36 /* Kingfisher */,
			);
			productName = Recipes;
			productReference = C06A91C02C7CCD1D002971E9 /* Recipes.app */;
			productType = "com.apple.product-type.application";
		};
/* End PBXNativeTarget section */

/* Begin PBXProject section */
		C06A91B82C7CCD1D002971E9 /* Project object */ = {
			isa = PBXProject;
			attributes = {
				BuildIndependentTargetsInParallel = 1;
				LastSwiftUpdateCheck = 1540;
				LastUpgradeCheck = 1540;
				TargetAttributes = {
					C06A91BF2C7CCD1D002971E9 = {
						CreatedOnToolsVersion = 15.4;
					};
				};
			};
			buildConfigurationList = C06A91BB2C7CCD1D002971E9 /* Build configuration list for PBXProject "Recipes" */;
			compatibilityVersion = "Xcode 14.0";
			developmentRegion = en;
			hasScannedForEncodings = 0;
			knownRegions = (
				en,
				Base,
			);
			mainGroup = C06A91B72C7CCD1D002971E9;
			packageReferences = (
				C02ADD482C7E33C200588E36 /* XCRemoteSwiftPackageReference "Kingfisher" */,
			);
			productRefGroup = C06A91C12C7CCD1D002971E9 /* Products */;
			projectDirPath = "";
			projectRoot = "";
			targets = (
				C06A91BF2C7CCD1D002971E9 /* Recipes */,
			);
		};
/* End PBXProject section */

/* Begin PBXResourcesBuildPhase section */
		C06A91BE2C7CCD1D002971E9 /* Resources */ = {
			isa = PBXResourcesBuildPhase;
			buildActionMask = 2147483647;
			files = (
				C06A91CD2C7CCD1F002971E9 /* Assets.xcassets in Resources */,
				C06A91D02C7CCD1F002971E9 /* Base in Resources */,
			);
			runOnlyForDeploymentPostprocessing = 0;
		};
/* End PBXResourcesBuildPhase section */

/* Begin PBXSourcesBuildPhase section */
		C06A91BC2C7CCD1D002971E9 /* Sources */ = {
			isa = PBXSourcesBuildPhase;
			buildActionMask = 2147483647;
			files = (
				C06A91C82C7CCD1D002971E9 /* HomeViewController.swift in Sources */,
				C06A91DE2C7CD432002971E9 /* APIManager.swift in Sources */,
				C02ADD3C2C7DC36600588E36 /* RecipeViewModelDelegate.swift in Sources */,
				C06A91DB2C7CD398002971E9 /* APIConstants.swift in Sources */,
				C06A91C42C7CCD1D002971E9 /* AppDelegate.swift in Sources */,
				C06A91E32C7CD685002971E9 /* RecipeViewModel.swift in Sources */,
				C02ADD442C7E2AEA00588E36 /* RecipeCell.swift in Sources */,
				C06A91C62C7CCD1D002971E9 /* SceneDelegate.swift in Sources */,
				C02ADD3E2C7DC73700588E36 /* RecipeService.swift in Sources */,
				C06A91E12C7CD571002971E9 /* RecipeError.swift in Sources */,
				C06A91D82C7CD2B4002971E9 /* Recipe.swift in Sources */,
			);
			runOnlyForDeploymentPostprocessing = 0;
		};
/* End PBXSourcesBuildPhase section */

/* Begin PBXVariantGroup section */
		C06A91CE2C7CCD1F002971E9 /* LaunchScreen.storyboard */ = {
			isa = PBXVariantGroup;
			children = (
				C06A91CF2C7CCD1F002971E9 /* Base */,
			);
			name = LaunchScreen.storyboard;
			sourceTree = "<group>";
		};
/* End PBXVariantGroup section */

/* Begin XCBuildConfiguration section */
		C06A91D22C7CCD1F002971E9 /* Debug */ = {
			isa = XCBuildConfiguration;
			buildSettings = {
				ALWAYS_SEARCH_USER_PATHS = NO;
				ASSETCATALOG_COMPILER_GENERATE_SWIFT_ASSET_SYMBOL_EXTENSIONS = YES;
				CLANG_ANALYZER_NONNULL = YES;
				CLANG_ANALYZER_NUMBER_OBJECT_CONVERSION = YES_AGGRESSIVE;
				CLANG_CXX_LANGUAGE_STANDARD = "gnu++20";
				CLANG_ENABLE_MODULES = YES;
				CLANG_ENABLE_OBJC_ARC = YES;
				CLANG_ENABLE_OBJC_WEAK = YES;
				CLANG_WARN_BLOCK_CAPTURE_AUTORELEASING = YES;
				CLANG_WARN_BOOL_CONVERSION = YES;
				CLANG_WARN_COMMA = YES;
				CLANG_WARN_CONSTANT_CONVERSION = YES;
				CLANG_WARN_DEPRECATED_OBJC_IMPLEMENTATIONS = YES;
				CLANG_WARN_DIRECT_OBJC_ISA_USAGE = YES_ERROR;
				CLANG_WARN_DOCUMENTATION_COMMENTS = YES;
				CLANG_WARN_EMPTY_BODY = YES;
				CLANG_WARN_ENUM_CONVERSION = YES;
				CLANG_WARN_INFINITE_RECURSION = YES;
				CLANG_WARN_INT_CONVERSION = YES;
				CLANG_WARN_NON_LITERAL_NULL_CONVERSION = YES;
				CLANG_WARN_OBJC_IMPLICIT_RETAIN_SELF = YES;
				CLANG_WARN_OBJC_LITERAL_CONVERSION = YES;
				CLANG_WARN_OBJC_ROOT_CLASS = YES_ERROR;
				CLANG_WARN_QUOTED_INCLUDE_IN_FRAMEWORK_HEADER = YES;
				CLANG_WARN_RANGE_LOOP_ANALYSIS = YES;
				CLANG_WARN_STRICT_PROTOTYPES = YES;
				CLANG_WARN_SUSPICIOUS_MOVE = YES;
				CLANG_WARN_UNGUARDED_AVAILABILITY = YES_AGGRESSIVE;
				CLANG_WARN_UNREACHABLE_CODE = YES;
				CLANG_WARN__DUPLICATE_METHOD_MATCH = YES;
				COPY_PHASE_STRIP = NO;
				DEBUG_INFORMATION_FORMAT = dwarf;
				ENABLE_STRICT_OBJC_MSGSEND = YES;
				ENABLE_TESTABILITY = YES;
				ENABLE_USER_SCRIPT_SANDBOXING = YES;
				GCC_C_LANGUAGE_STANDARD = gnu17;
				GCC_DYNAMIC_NO_PIC = NO;
				GCC_NO_COMMON_BLOCKS = YES;
				GCC_OPTIMIZATION_LEVEL = 0;
				GCC_PREPROCESSOR_DEFINITIONS = (
					"DEBUG=1",
					"$(inherited)",
				);
				GCC_WARN_64_TO_32_BIT_CONVERSION = YES;
				GCC_WARN_ABOUT_RETURN_TYPE = YES_ERROR;
				GCC_WARN_UNDECLARED_SELECTOR = YES;
				GCC_WARN_UNINITIALIZED_AUTOS = YES_AGGRESSIVE;
				GCC_WARN_UNUSED_FUNCTION = YES;
				GCC_WARN_UNUSED_VARIABLE = YES;
				IPHONEOS_DEPLOYMENT_TARGET = 17.5;
				LOCALIZATION_PREFERS_STRING_CATALOGS = YES;
				MTL_ENABLE_DEBUG_INFO = INCLUDE_SOURCE;
				MTL_FAST_MATH = YES;
				ONLY_ACTIVE_ARCH = YES;
				SDKROOT = iphoneos;
				SWIFT_ACTIVE_COMPILATION_CONDITIONS = "DEBUG $(inherited)";
				SWIFT_OPTIMIZATION_LEVEL = "-Onone";
			};
			name = Debug;
		};
		C06A91D32C7CCD1F002971E9 /* Release */ = {
			isa = XCBuildConfiguration;
			buildSettings = {
				ALWAYS_SEARCH_USER_PATHS = NO;
				ASSETCATALOG_COMPILER_GENERATE_SWIFT_ASSET_SYMBOL_EXTENSIONS = YES;
				CLANG_ANALYZER_NONNULL = YES;
				CLANG_ANALYZER_NUMBER_OBJECT_CONVERSION = YES_AGGRESSIVE;
				CLANG_CXX_LANGUAGE_STANDARD = "gnu++20";
				CLANG_ENABLE_MODULES = YES;
				CLANG_ENABLE_OBJC_ARC = YES;
				CLANG_ENABLE_OBJC_WEAK = YES;
				CLANG_WARN_BLOCK_CAPTURE_AUTORELEASING = YES;
				CLANG_WARN_BOOL_CONVERSION = YES;
				CLANG_WARN_COMMA = YES;
				CLANG_WARN_CONSTANT_CONVERSION = YES;
				CLANG_WARN_DEPRECATED_OBJC_IMPLEMENTATIONS = YES;
				CLANG_WARN_DIRECT_OBJC_ISA_USAGE = YES_ERROR;
				CLANG_WARN_DOCUMENTATION_COMMENTS = YES;
				CLANG_WARN_EMPTY_BODY = YES;
				CLANG_WARN_ENUM_CONVERSION = YES;
				CLANG_WARN_INFINITE_RECURSION = YES;
				CLANG_WARN_INT_CONVERSION = YES;
				CLANG_WARN_NON_LITERAL_NULL_CONVERSION = YES;
				CLANG_WARN_OBJC_IMPLICIT_RETAIN_SELF = YES;
				CLANG_WARN_OBJC_LITERAL_CONVERSION = YES;
				CLANG_WARN_OBJC_ROOT_CLASS = YES_ERROR;
				CLANG_WARN_QUOTED_INCLUDE_IN_FRAMEWORK_HEADER = YES;
				CLANG_WARN_RANGE_LOOP_ANALYSIS = YES;
				CLANG_WARN_STRICT_PROTOTYPES = YES;
				CLANG_WARN_SUSPICIOUS_MOVE = YES;
				CLANG_WARN_UNGUARDED_AVAILABILITY = YES_AGGRESSIVE;
				CLANG_WARN_UNREACHABLE_CODE = YES;
				CLANG_WARN__DUPLICATE_METHOD_MATCH = YES;
				COPY_PHASE_STRIP = NO;
				DEBUG_INFORMATION_FORMAT = "dwarf-with-dsym";
				ENABLE_NS_ASSERTIONS = NO;
				ENABLE_STRICT_OBJC_MSGSEND = YES;
				ENABLE_USER_SCRIPT_SANDBOXING = YES;
				GCC_C_LANGUAGE_STANDARD = gnu17;
				GCC_NO_COMMON_BLOCKS = YES;
				GCC_WARN_64_TO_32_BIT_CONVERSION = YES;
				GCC_WARN_ABOUT_RETURN_TYPE = YES_ERROR;
				GCC_WARN_UNDECLARED_SELECTOR = YES;
				GCC_WARN_UNINITIALIZED_AUTOS = YES_AGGRESSIVE;
				GCC_WARN_UNUSED_FUNCTION = YES;
				GCC_WARN_UNUSED_VARIABLE = YES;
				IPHONEOS_DEPLOYMENT_TARGET = 17.5;
				LOCALIZATION_PREFERS_STRING_CATALOGS = YES;
				MTL_ENABLE_DEBUG_INFO = NO;
				MTL_FAST_MATH = YES;
				SDKROOT = iphoneos;
				SWIFT_COMPILATION_MODE = wholemodule;
				VALIDATE_PRODUCT = YES;
			};
			name = Release;
		};
		C06A91D52C7CCD1F002971E9 /* Debug */ = {
			isa = XCBuildConfiguration;
			buildSettings = {
				ASSETCATALOG_COMPILER_APPICON_NAME = AppIcon;
				ASSETCATALOG_COMPILER_GLOBAL_ACCENT_COLOR_NAME = AccentColor;
				CODE_SIGN_STYLE = Automatic;
				CURRENT_PROJECT_VERSION = 1;
				DEVELOPMENT_TEAM = PQ82KF7KP4;
				GENERATE_INFOPLIST_FILE = YES;
				INFOPLIST_FILE = Recipes/Info.plist;
				INFOPLIST_KEY_UIApplicationSupportsIndirectInputEvents = YES;
				INFOPLIST_KEY_UILaunchStoryboardName = LaunchScreen;
				INFOPLIST_KEY_UISupportedInterfaceOrientations_iPad = "UIInterfaceOrientationPortrait UIInterfaceOrientationPortraitUpsideDown UIInterfaceOrientationLandscapeLeft UIInterfaceOrientationLandscapeRight";
				INFOPLIST_KEY_UISupportedInterfaceOrientations_iPhone = "UIInterfaceOrientationPortrait UIInterfaceOrientationLandscapeLeft UIInterfaceOrientationLandscapeRight";
				LD_RUNPATH_SEARCH_PATHS = (
					"$(inherited)",
					"@executable_path/Frameworks",
				);
				MARKETING_VERSION = 1.0;
				PRODUCT_BUNDLE_IDENTIFIER = com.batuhanberkertekin.Recipes;
				PRODUCT_NAME = "$(TARGET_NAME)";
				SWIFT_EMIT_LOC_STRINGS = YES;
				SWIFT_VERSION = 5.0;
				TARGETED_DEVICE_FAMILY = "1,2";
			};
			name = Debug;
		};
		C06A91D62C7CCD1F002971E9 /* Release */ = {
			isa = XCBuildConfiguration;
			buildSettings = {
				ASSETCATALOG_COMPILER_APPICON_NAME = AppIcon;
				ASSETCATALOG_COMPILER_GLOBAL_ACCENT_COLOR_NAME = AccentColor;
				CODE_SIGN_STYLE = Automatic;
				CURRENT_PROJECT_VERSION = 1;
				DEVELOPMENT_TEAM = PQ82KF7KP4;
				GENERATE_INFOPLIST_FILE = YES;
				INFOPLIST_FILE = Recipes/Info.plist;
				INFOPLIST_KEY_UIApplicationSupportsIndirectInputEvents = YES;
				INFOPLIST_KEY_UILaunchStoryboardName = LaunchScreen;
				INFOPLIST_KEY_UISupportedInterfaceOrientations_iPad = "UIInterfaceOrientationPortrait UIInterfaceOrientationPortraitUpsideDown UIInterfaceOrientationLandscapeLeft UIInterfaceOrientationLandscapeRight";
				INFOPLIST_KEY_UISupportedInterfaceOrientations_iPhone = "UIInterfaceOrientationPortrait UIInterfaceOrientationLandscapeLeft UIInterfaceOrientationLandscapeRight";
				LD_RUNPATH_SEARCH_PATHS = (
					"$(inherited)",
					"@executable_path/Frameworks",
				);
				MARKETING_VERSION = 1.0;
				PRODUCT_BUNDLE_IDENTIFIER = com.batuhanberkertekin.Recipes;
				PRODUCT_NAME = "$(TARGET_NAME)";
				SWIFT_EMIT_LOC_STRINGS = YES;
				SWIFT_VERSION = 5.0;
				TARGETED_DEVICE_FAMILY = "1,2";
			};
			name = Release;
		};
/* End XCBuildConfiguration section */

/* Begin XCConfigurationList section */
		C06A91BB2C7CCD1D002971E9 /* Build configuration list for PBXProject "Recipes" */ = {
			isa = XCConfigurationList;
			buildConfigurations = (
				C06A91D22C7CCD1F002971E9 /* Debug */,
				C06A91D32C7CCD1F002971E9 /* Release */,
			);
			defaultConfigurationIsVisible = 0;
			defaultConfigurationName = Release;
		};
		C06A91D42C7CCD1F002971E9 /* Build configuration list for PBXNativeTarget "Recipes" */ = {
			isa = XCConfigurationList;
			buildConfigurations = (
				C06A91D52C7CCD1F002971E9 /* Debug */,
				C06A91D62C7CCD1F002971E9 /* Release */,
			);
			defaultConfigurationIsVisible = 0;
			defaultConfigurationName = Release;
		};
/* End XCConfigurationList section */

/* Begin XCRemoteSwiftPackageReference section */
		C02ADD482C7E33C200588E36 /* XCRemoteSwiftPackageReference "Kingfisher" */ = {
			isa = XCRemoteSwiftPackageReference;
			repositoryURL = "https://github.com/onevcat/Kingfisher.git";
			requirement = {
				kind = upToNextMajorVersion;
				minimumVersion = 7.12.0;
			};
		};
/* End XCRemoteSwiftPackageReference section */

/* Begin XCSwiftPackageProductDependency section */
		C02ADD492C7E33C200588E36 /* Kingfisher */ = {
			isa = XCSwiftPackageProductDependency;
			package = C02ADD482C7E33C200588E36 /* XCRemoteSwiftPackageReference "Kingfisher" */;
			productName = Kingfisher;
		};
/* End XCSwiftPackageProductDependency section */
	};
	rootObject = C06A91B82C7CCD1D002971E9 /* Project object */;
}
